
Microsoft Visual Studio Solution File, Format Version 12.00
# Visual Studio Version 16
VisualStudioVersion = 16.0.30804.86
MinimumVisualStudioVersion = 10.0.40219.1
Project("{888888A0-9F3D-457C-B088-3A5042F75D52}") = "RedditCommentBot", "RedditCommentBot.pyproj", "{F28869B9-0385-4182-B553-8993D07C7A00}"
EndProject
Global
	GlobalSection(SolutionConfigurationPlatforms) = preSolution
		Debug|Any CPU = Debug|Any CPU
		Release|Any CPU = Release|Any CPU
	EndGlobalSection
	GlobalSection(ProjectConfigurationPlatforms) = postSolution
		{F28869B9-0385-4182-B553-8993D07C7A00}.Debug|Any CPU.ActiveCfg = Debug|Any CPU
		{F28869B9-0385-4182-B553-8993D07C7A00}.Release|Any CPU.ActiveCfg = Release|Any CPU
	EndGlobalSection
	GlobalSection(SolutionProperties) = preSolution
		HideSolutionNode = FALSE
	EndGlobalSection
	GlobalSection(ExtensibilityGlobals) = postSolution
		SolutionGuid = {451CF0A2-B9E8-4795-914A-8A99D8F012F0}
	EndGlobalSection
EndGlobal
